// !$*UTF8*$!
{
	archiveVersion = 1;
	classes = {
	};
	objectVersion = 46;
	objects = {

/* Begin PBXBuildFile section */
		8ABC0BFB1B026786007EA7C0 /* main.m in Sources */ = {isa = PBXBuildFile; fileRef = 8ABC0BFA1B026786007EA7C0 /* main.m */; };
		8ABC0BFE1B026786007EA7C0 /* AppDelegate.m in Sources */ = {isa = PBXBuildFile; fileRef = 8ABC0BFD1B026786007EA7C0 /* AppDelegate.m */; };
		8ABC0C011B026786007EA7C0 /* ViewController.m in Sources */ = {isa = PBXBuildFile; fileRef = 8ABC0C001B026786007EA7C0 /* ViewController.m */; };
		8ABC0C041B026786007EA7C0 /* Main.storyboard in Resources */ = {isa = PBXBuildFile; fileRef = 8ABC0C021B026786007EA7C0 /* Main.storyboard */; };
		8ABC0C061B026786007EA7C0 /* Images.xcassets in Resources */ = {isa = PBXBuildFile; fileRef = 8ABC0C051B026786007EA7C0 /* Images.xcassets */; };
		8ABC0C091B026786007EA7C0 /* LaunchScreen.xib in Resources */ = {isa = PBXBuildFile; fileRef = 8ABC0C071B026786007EA7C0 /* LaunchScreen.xib */; };
/* End PBXBuildFile section */

/* Begin PBXFileReference section */
		8ABC0BF51B026786007EA7C0 /* SketchToXcodeDemo.app */ = {isa = PBXFileReference; explicitFileType = wrapper.application; includeInIndex = 0; path = SketchToXcodeDemo.app; sourceTree = BUILT_PRODUCTS_DIR; };
		8ABC0BF91B026786007EA7C0 /* Info.plist */ = {isa = PBXFileReference; lastKnownFileType = text.plist.xml; path = Info.plist; sourceTree = "<group>"; };
		8ABC0BFA1B026786007EA7C0 /* main.m */ = {isa = PBXFileReference; lastKnownFileType = sourcecode.c.objc; path = main.m; sourceTree = "<group>"; };
		8ABC0BFC1B026786007EA7C0 /* AppDelegate.h */ = {isa = PBXFileReference; lastKnownFileType = sourcecode.c.h; path = AppDelegate.h; sourceTree = "<group>"; };
		8ABC0BFD1B026786007EA7C0 /* AppDelegate.m */ = {isa = PBXFileReference; lastKnownFileType = sourcecode.c.objc; path = AppDelegate.m; sourceTree = "<group>"; };
		8ABC0BFF1B026786007EA7C0 /* ViewController.h */ = {isa = PBXFileReference; lastKnownFileType = sourcecode.c.h; path = ViewController.h; sourceTree = "<group>"; };
		8ABC0C001B026786007EA7C0 /* ViewController.m */ = {isa = PBXFileReference; lastKnownFileType = sourcecode.c.objc; path = ViewController.m; sourceTree = "<group>"; };
		8ABC0C031B026786007EA7C0 /* Base */ = {isa = PBXFileReference; lastKnownFileType = file.storyboard; name = Base; path = Base.lproj/Main.storyboard; sourceTree = "<group>"; };
		8ABC0C051B026786007EA7C0 /* Images.xcassets */ = {isa = PBXFileReference; lastKnownFileType = folder.assetcatalog; path = Images.xcassets; sourceTree = "<group>"; };
		8ABC0C081B026786007EA7C0 /* Base */ = {isa = PBXFileReference; lastKnownFileType = file.xib; name = Base; path = Base.lproj/LaunchScreen.xib; sourceTree = "<group>"; };
		8ABC0C131B026786007EA7C0 /* Info.plist */ = {isa = PBXFileReference; lastKnownFileType = text.plist.xml; path = Info.plist; sourceTree = "<group>"; };
		8ABC0C141B026786007EA7C0 /* SketchToXcodeDemoTests.m */ = {isa = PBXFileReference; lastKnownFileType = sourcecode.c.objc; path = SketchToXcodeDemoTests.m; sourceTree = "<group>"; };
/* End PBXFileReference section */

/* Begin PBXFrameworksBuildPhase section */
		8ABC0BF21B026786007EA7C0 /* Frameworks */ = {
			isa = PBXFrameworksBuildPhase;
			buildActionMask = 2147483647;
			files = (
			);
			runOnlyForDeploymentPostprocessing = 0;
		};
/* End PBXFrameworksBuildPhase section */

/* Begin PBXGroup section */
		8ABC0BEC1B026786007EA7C0 = {
			isa = PBXGroup;
			children = (
				8ABC0BF71B026786007EA7C0 /* SketchToXcodeDemo */,
				8ABC0C111B026786007EA7C0 /* SketchToXcodeDemoTests */,
				8ABC0BF61B026786007EA7C0 /* Products */,
			);
			sourceTree = "<group>";
		};
		8ABC0BF61B026786007EA7C0 /* Products */ = {
			isa = PBXGroup;
			children = (
				8ABC0BF51B026786007EA7C0 /* SketchToXcodeDemo.app */,
			);
			name = Products;
			sourceTree = "<group>";
		};
		8ABC0BF71B026786007EA7C0 /* SketchToXcodeDemo */ = {
			isa = PBXGroup;
			children = (
				8ABC0BFC1B026786007EA7C0 /* AppDelegate.h */,
				8ABC0BFD1B026786007EA7C0 /* AppDelegate.m */,
				8ABC0BFF1B026786007EA7C0 /* ViewController.h */,
				8ABC0C001B026786007EA7C0 /* ViewController.m */,
				8ABC0C021B026786007EA7C0 /* Main.storyboard */,
				8ABC0C051B026786007EA7C0 /* Images.xcassets */,
				8ABC0C071B026786007EA7C0 /* LaunchScreen.xib */,
				8ABC0BF81B026786007EA7C0 /* Supporting Files */,
			);
			path = SketchToXcodeDemo;
			sourceTree = "<group>";
		};
		8ABC0BF81B026786007EA7C0 /* Supporting Files */ = {
			isa = PBXGroup;
			children = (
				8ABC0BF91B026786007EA7C0 /* Info.plist */,
				8ABC0BFA1B026786007EA7C0 /* main.m */,
			);
			name = "Supporting Files";
			sourceTree = "<group>";
		};
		8ABC0C111B026786007EA7C0 /* SketchToXcodeDemoTests */ = {
			isa = PBXGroup;
			children = (
				8ABC0C141B026786007EA7C0 /* SketchToXcodeDemoTests.m */,
				8ABC0C121B026786007EA7C0 /* Supporting Files */,
			);
			path = SketchToXcodeDemoTests;
			sourceTree = "<group>";
		};
		8ABC0C121B026786007EA7C0 /* Supporting Files */ = {
			isa = PBXGroup;
			children = (
				8ABC0C131B026786007EA7C0 /* Info.plist */,
			);
			name = "Supporting Files";
			sourceTree = "<group>";
		};
/* End PBXGroup section */

/* Begin PBXNativeTarget section */
		8ABC0BF41B026786007EA7C0 /* SketchToXcodeDemo */ = {
			isa = PBXNativeTarget;
			buildConfigurationList = 8ABC0C181B026786007EA7C0 /* Build configuration list for PBXNativeTarget "SketchToXcodeDemo" */;
			buildPhases = (
				8ABC0BF11B026786007EA7C0 /* Sources */,
				8ABC0BF21B026786007EA7C0 /* Frameworks */,
				8ABC0BF31B026786007EA7C0 /* Resources */,
			);
			buildRules = (
			);
			dependencies = (
			);
			name = SketchToXcodeDemo;
			productName = SketchToXcodeDemo;
			productReference = 8ABC0BF51B026786007EA7C0 /* SketchToXcodeDemo.app */;
			productType = "com.apple.product-type.application";
		};
/* End PBXNativeTarget section */

/* Begin PBXProject section */
		8ABC0BED1B026786007EA7C0 /* Project object */ = {
			isa = PBXProject;
			attributes = {
				LastUpgradeCheck = 0630;
				TargetAttributes = {
					8ABC0BF41B026786007EA7C0 = {
						CreatedOnToolsVersion = 6.3.1;
					};
				};
			};
			buildConfigurationList = 8ABC0BF01B026786007EA7C0 /* Build configuration list for PBXProject "SketchToXcodeDemo" */;
			compatibilityVersion = "Xcode 3.2";
			developmentRegion = English;
			hasScannedForEncodings = 0;
			knownRegions = (
				en,
				Base,
			);
			mainGroup = 8ABC0BEC1B026786007EA7C0;
			productRefGroup = 8ABC0BF61B026786007EA7C0 /* Products */;
			projectDirPath = "";
			projectRoot = "";
			targets = (
				8ABC0BF41B026786007EA7C0 /* SketchToXcodeDemo */,
			);
		};
/* End PBXProject section */

/* Begin PBXResourcesBuildPhase section */
		8ABC0BF31B026786007EA7C0 /* Resources */ = {
			isa = PBXResourcesBuildPhase;
			buildActionMask = 2147483647;
			files = (
				8ABC0C041B026786007EA7C0 /* Main.storyboard in Resources */,
				8ABC0C091B026786007EA7C0 /* LaunchScreen.xib in Resources */,
				8ABC0C061B026786007EA7C0 /* Images.xcassets in Resources */,
			);
			runOnlyForDeploymentPostprocessing = 0;
		};
/* End PBXResourcesBuildPhase section */

/* Begin PBXSourcesBuildPhase section */
		8ABC0BF11B026786007EA7C0 /* Sources */ = {
			isa = PBXSourcesBuildPhase;
			buildActionMask = 2147483647;
			files = (
				8ABC0C011B026786007EA7C0 /* ViewController.m in Sources */,
				8ABC0BFE1B026786007EA7C0 /* AppDelegate.m in Sources */,
				8ABC0BFB1B026786007EA7C0 /* main.m in Sources */,
			);
			runOnlyForDeploymentPostprocessing = 0;
		};
/* End PBXSourcesBuildPhase section */

/* Begin PBXVariantGroup section */
		8ABC0C021B026786007EA7C0 /* Main.storyboard */ = {
			isa = PBXVariantGroup;
			children = (
				8ABC0C031B026786007EA7C0 /* Base */,
			);
			name = Main.storyboard;
			sourceTree = "<group>";
		};
		8ABC0C071B026786007EA7C0 /* LaunchScreen.xib */ = {
			isa = PBXVariantGroup;
			children = (
				8ABC0C081B026786007EA7C0 /* Base */,
			);
			name = LaunchScreen.xib;
			sourceTree = "<group>";
		};
/* End PBXVariantGroup section */

/* Begin XCBuildConfiguration section */
		8ABC0C161B026786007EA7C0 /* Debug */ = {
			isa = XCBuildConfiguration;
			buildSettings = {
				ALWAYS_SEARCH_USER_PATHS = NO;
				CLANG_CXX_LANGUAGE_STANDARD = "gnu++0x";
				CLANG_CXX_LIBRARY = "libc++";
				CLANG_ENABLE_MODULES = YES;
				CLANG_ENABLE_OBJC_ARC = YES;
				CLANG_WARN_BOOL_CONVERSION = YES;
				CLANG_WARN_CONSTANT_CONVERSION = YES;
				CLANG_WARN_DIRECT_OBJC_ISA_USAGE = YES_ERROR;
				CLANG_WARN_EMPTY_BODY = YES;
				CLANG_WARN_ENUM_CONVERSION = YES;
				CLANG_WARN_INT_CONVERSION = YES;
				CLANG_WARN_OBJC_ROOT_CLASS = YES_ERROR;
				CLANG_WARN_UNREACHABLE_CODE = YES;
				CLANG_WARN__DUPLICATE_METHOD_MATCH = YES;
				"CODE_SIGN_IDENTITY[sdk=iphoneos*]" = "iPhone Developer";
				COPY_PHASE_STRIP = NO;
				DEBUG_INFORMATION_FORMAT = "dwarf-with-dsym";
				ENABLE_STRICT_OBJC_MSGSEND = YES;
				GCC_C_LANGUAGE_STANDARD = gnu99;
				GCC_DYNAMIC_NO_PIC = NO;
				GCC_NO_COMMON_BLOCKS = YES;
				GCC_OPTIMIZATION_LEVEL = 0;
				GCC_PREPROCESSOR_DEFINITIONS = (
					"DEBUG=1",
					"$(inherited)",
				);
				GCC_SYMBOLS_PRIVATE_EXTERN = NO;
				GCC_WARN_64_TO_32_BIT_CONVERSION = YES;
				GCC_WARN_ABOUT_RETURN_TYPE = YES_ERROR;
				GCC_WARN_UNDECLARED_SELECTOR = YES;
				GCC_WARN_UNINITIALIZED_AUTOS = YES_AGGRESSIVE;
				GCC_WARN_UNUSED_FUNCTION = YES;
				GCC_WARN_UNUSED_VARIABLE = YES;
				IPHONEOS_DEPLOYMENT_TARGET = 8.3;
				MTL_ENABLE_DEBUG_INFO = YES;
				ONLY_ACTIVE_ARCH = YES;
				SDKROOT = iphoneos;
				TARGETED_DEVICE_FAMILY = "1,2";
			};
			name = Debug;
		};
		8ABC0C171B026786007EA7C0 /* Release */ = {
			isa = XCBuildConfiguration;
			buildSettings = {
				ALWAYS_SEARCH_USER_PATHS = NO;
				CLANG_CXX_LANGUAGE_STANDARD = "gnu++0x";
				CLANG_CXX_LIBRARY = "libc++";
				CLANG_ENABLE_MODULES = YES;
				CLANG_ENABLE_OBJC_ARC = YES;
				CLANG_WARN_BOOL_CONVERSION = YES;
				CLANG_WARN_CONSTANT_CONVERSION = YES;
				CLANG_WARN_DIRECT_OBJC_ISA_USAGE = YES_ERROR;
				CLANG_WARN_EMPTY_BODY = YES;
				CLANG_WARN_ENUM_CONVERSION = YES;
				CLANG_WARN_INT_CONVERSION = YES;
				CLANG_WARN_OBJC_ROOT_CLASS = YES_ERROR;
				CLANG_WARN_UNREACHABLE_CODE = YES;
				CLANG_WARN__DUPLICATE_METHOD_MATCH = YES;
				"CODE_SIGN_IDENTITY[sdk=iphoneos*]" = "iPhone Developer";
				COPY_PHASE_STRIP = NO;
				DEBUG_INFORMATION_FORMAT = "dwarf-with-dsym";
				ENABLE_NS_ASSERTIONS = NO;
				ENABLE_STRICT_OBJC_MSGSEND = YES;
				GCC_C_LANGUAGE_STANDARD = gnu99;
				GCC_NO_COMMON_BLOCKS = YES;
				GCC_WARN_64_TO_32_BIT_CONVERSION = YES;
				GCC_WARN_ABOUT_RETURN_TYPE = YES_ERROR;
				GCC_WARN_UNDECLARED_SELECTOR = YES;
				GCC_WARN_UNINITIALIZED_AUTOS = YES_AGGRESSIVE;
				GCC_WARN_UNUSED_FUNCTION = YES;
				GCC_WARN_UNUSED_VARIABLE = YES;
				IPHONEOS_DEPLOYMENT_TARGET = 8.3;
				MTL_ENABLE_DEBUG_INFO = NO;
				SDKROOT = iphoneos;
				TARGETED_DEVICE_FAMILY = "1,2";
				VALIDATE_PRODUCT = YES;
			};
			name = Release;
		};
		8ABC0C191B026786007EA7C0 /* Debug */ = {
			isa = XCBuildConfiguration;
			buildSettings = {
				ASSETCATALOG_COMPILER_APPICON_NAME = AppIcon;
				INFOPLIST_FILE = SketchToXcodeDemo/Info.plist;
				LD_RUNPATH_SEARCH_PATHS = "$(inherited) @executable_path/Frameworks";
				PRODUCT_NAME = "$(TARGET_NAME)";
			};
			name = Debug;
		};
		8ABC0C1A1B026786007EA7C0 /* Release */ = {
			isa = XCBuildConfiguration;
			buildSettings = {
				ASSETCATALOG_COMPILER_APPICON_NAME = AppIcon;
				INFOPLIST_FILE = SketchToXcodeDemo/Info.plist;
				LD_RUNPATH_SEARCH_PATHS = "$(inherited) @executable_path/Frameworks";
				PRODUCT_NAME = "$(TARGET_NAME)";
			};
			name = Release;
		};
/* End XCBuildConfiguration section */

/* Begin XCConfigurationList section */
		8ABC0BF01B026786007EA7C0 /* Build configuration list for PBXProject "SketchToXcodeDemo" */ = {
			isa = XCConfigurationList;
			buildConfigurations = (
				8ABC0C161B026786007EA7C0 /* Debug */,
				8ABC0C171B026786007EA7C0 /* Release */,
			);
			defaultConfigurationIsVisible = 0;
			defaultConfigurationName = Release;
		};
		8ABC0C181B026786007EA7C0 /* Build configuration list for PBXNativeTarget "SketchToXcodeDemo" */ = {
			isa = XCConfigurationList;
			buildConfigurations = (
				8ABC0C191B026786007EA7C0 /* Debug */,
				8ABC0C1A1B026786007EA7C0 /* Release */,
			);
			defaultConfigurationIsVisible = 0;
			defaultConfigurationName = Release;
		};
/* End XCConfigurationList section */
	};
	rootObject = 8ABC0BED1B026786007EA7C0 /* Project object */;
}
